
Microsoft Visual Studio Solution File, Format Version 12.00
# Visual Studio Version 17
VisualStudioVersion = 17.7.34202.233
MinimumVisualStudioVersion = 10.0.40219.1
Project("{FAE04EC0-301F-11D3-BF4B-00C04F79EFBC}") = "Ejemplo de inventario", "Ejemplo de inventario\Ejemplo de inventario.csproj", "{B70CDCE1-EE0D-4113-8BAD-66F3322F1BFC}"
EndProject
Global
	GlobalSection(SolutionConfigurationPlatforms) = preSolution
		Debug|Any CPU = Debug|Any CPU
		Release|Any CPU = Release|Any CPU
	EndGlobalSection
	GlobalSection(ProjectConfigurationPlatforms) = postSolution
		{B70CDCE1-EE0D-4113-8BAD-66F3322F1BFC}.Debug|Any CPU.ActiveCfg = Debug|Any CPU
		{B70CDCE1-EE0D-4113-8BAD-66F3322F1BFC}.Debug|Any CPU.Build.0 = Debug|Any CPU
		{B70CDCE1-EE0D-4113-8BAD-66F3322F1BFC}.Release|Any CPU.ActiveCfg = Release|Any CPU
		{B70CDCE1-EE0D-4113-8BAD-66F3322F1BFC}.Release|Any CPU.Build.0 = Release|Any CPU
	EndGlobalSection
	GlobalSection(SolutionProperties) = preSolution
		HideSolutionNode = FALSE
	EndGlobalSection
	GlobalSection(ExtensibilityGlobals) = postSolution
		SolutionGuid = {8A7A670F-765B-44B6-A4AB-C1C0AA297C9F}
	EndGlobalSection
EndGlobal
